{
  "name": "cesium-mutlicolortriangle-plugin",
  "version": "1.0.0",
  "lockfileVersion": 1,
  "requires": true,
  "dependencies": {
    "cesium": {
      "version": "1.40.0",
      "resolved": "https://registry.npmjs.org/cesium/-/cesium-1.40.0.tgz",
      "integrity": "sha1-a0NeBXafXfFPYiWYKI7xxvRorGs=",
      "requires": {
        "requirejs": "2.3.5"
      }
    },
    "mgrs": {
      "version": "1.0.0",
      "resolved": "https://registry.npmjs.org/mgrs/-/mgrs-1.0.0.tgz",
      "integrity": "sha1-+5FYjnjJACVnI5XLQLJffNatGCk="
    },
    "proj4": {
      "version": "2.4.4",
      "resolved": "https://registry.npmjs.org/proj4/-/proj4-2.4.4.tgz",
      "integrity": "sha512-yo6qTpBQXnxhcPopKJeVwwOBRzUpEa3vzSFlr38f5mF4Jnfb6NOL/ePIomefWiZmPgkUblHpcwnWVMB8FS3GKw==",
      "requires": {
        "mgrs": "1.0.0",
        "wkt-parser": "1.2.1"
      }
    },
    "requirejs": {
      "version": "2.3.5",
      "resolved": "https://registry.npmjs.org/requirejs/-/requirejs-2.3.5.tgz",
      "integrity": "sha512-svnO+aNcR/an9Dpi44C7KSAy5fFGLtmPbaaCeQaklUz8BQhS64tWWIIlvEA5jrWICzlO/X9KSzSeXFnZdBu8nw=="
    },
    "wkt-parser": {
      "version": "1.2.1",
      "resolved": "https://registry.npmjs.org/wkt-parser/-/wkt-parser-1.2.1.tgz",
      "integrity": "sha512-c6iNYzlbWNXwtcZ+0DMy1AOSHxVKFPR4a8EBVOgVbDSeSEnz2gpicmXSnuql1tKgS67CY+ughyjprP8pckk5jg=="
    }
  }
}
